
Microsoft Visual Studio Solution File, Format Version 12.00
# Visual Studio Version 17
VisualStudioVersion = 17.9.34622.214
MinimumVisualStudioVersion = 10.0.40219.1
Project("{9A19103F-16F7-4668-BE54-9A1E7A4F7556}") = "CSharp-OpenBMCLAPI", "CSharp-OpenBMCLAPI\CSharp-OpenBMCLAPI.csproj", "{F01E0E3F-BF3E-4D0D-BCB7-7DFEF1926310}"
EndProject
Project("{2150E333-8FDC-42A3-9474-1A3956D46DE8}") = "解决方案项", "解决方案项", "{09EEA2BF-7069-4835-95CE-2BFAC2F2B8D0}"
	ProjectSection(SolutionItems) = preProject
		.gitignore = .gitignore
		Dockerfile = Dockerfile
		README.MD = README.MD
	EndProjectSection
EndProject
Project("{2150E333-8FDC-42A3-9474-1A3956D46DE8}") = "Workflows", "Workflows", "{433AB2A0-5CC0-403B-B03C-2CFFB4E3C201}"
	ProjectSection(SolutionItems) = preProject
		.github\workflows\on-dev.yml = .github\workflows\on-dev.yml
		.github\workflows\on-release.yml = .github\workflows\on-release.yml
		.github\workflows\on-tag.yml = .github\workflows\on-tag.yml
	EndProjectSection
EndProject
Project("{2150E333-8FDC-42A3-9474-1A3956D46DE8}") = "Docker compose", "Docker compose", "{82765CF6-BDF4-4297-9237-AACA413FA049}"
	ProjectSection(SolutionItems) = preProject
		docker-compose.dev.yml = docker-compose.dev.yml
		docker-compose.yml = docker-compose.yml
	EndProjectSection
EndProject
Project("{FAE04EC0-301F-11D3-BF4B-00C04F79EFBC}") = "BangbangAsp", "BangbangAsp\BangbangAsp.csproj", "{3ABB5430-C505-42F6-A7FD-AAB8FFD94063}"
EndProject
Global
	GlobalSection(SolutionConfigurationPlatforms) = preSolution
		Debug|Any CPU = Debug|Any CPU
		Release|Any CPU = Release|Any CPU
	EndGlobalSection
	GlobalSection(ProjectConfigurationPlatforms) = postSolution
		{F01E0E3F-BF3E-4D0D-BCB7-7DFEF1926310}.Debug|Any CPU.ActiveCfg = Debug|Any CPU
		{F01E0E3F-BF3E-4D0D-BCB7-7DFEF1926310}.Debug|Any CPU.Build.0 = Debug|Any CPU
		{F01E0E3F-BF3E-4D0D-BCB7-7DFEF1926310}.Release|Any CPU.ActiveCfg = Release|Any CPU
		{F01E0E3F-BF3E-4D0D-BCB7-7DFEF1926310}.Release|Any CPU.Build.0 = Release|Any CPU
		{3ABB5430-C505-42F6-A7FD-AAB8FFD94063}.Debug|Any CPU.ActiveCfg = Debug|Any CPU
		{3ABB5430-C505-42F6-A7FD-AAB8FFD94063}.Debug|Any CPU.Build.0 = Debug|Any CPU
		{3ABB5430-C505-42F6-A7FD-AAB8FFD94063}.Release|Any CPU.ActiveCfg = Release|Any CPU
		{3ABB5430-C505-42F6-A7FD-AAB8FFD94063}.Release|Any CPU.Build.0 = Release|Any CPU
	EndGlobalSection
	GlobalSection(SolutionProperties) = preSolution
		HideSolutionNode = FALSE
	EndGlobalSection
	GlobalSection(NestedProjects) = preSolution
		{433AB2A0-5CC0-403B-B03C-2CFFB4E3C201} = {09EEA2BF-7069-4835-95CE-2BFAC2F2B8D0}
		{82765CF6-BDF4-4297-9237-AACA413FA049} = {09EEA2BF-7069-4835-95CE-2BFAC2F2B8D0}
	EndGlobalSection
	GlobalSection(ExtensibilityGlobals) = postSolution
		SolutionGuid = {C1A5C6C9-0F70-4622-BC44-2F32090D8A03}
	EndGlobalSection
EndGlobal
